
Microsoft Visual Studio Solution File, Format Version 12.00
# Visual Studio Version 17
VisualStudioVersion = 17.10.35013.160
MinimumVisualStudioVersion = 10.0.40219.1
Project("{9A19103F-16F7-4668-BE54-9A1E7A4F7556}") = "Clean.Architecture.WS.Api", "Clean.Architecture.WS.Api\Clean.Architecture.WS.Api.csproj", "{03F1EA8A-D1DC-4DDF-86FC-FA2012DD3402}"
EndProject
Project("{9A19103F-16F7-4668-BE54-9A1E7A4F7556}") = "Clean.Architecture.WS.Application", "Clean.Architecture.WS.Application\Clean.Architecture.WS.Application.csproj", "{E4FEEABE-CBA0-4204-B584-45696AD259D7}"
EndProject
Project("{9A19103F-16F7-4668-BE54-9A1E7A4F7556}") = "Clean.Architecture.WS.Infrastructure", "Clean.Architecture.WS.Infrastructure\Clean.Architecture.WS.Infrastructure.csproj", "{DD0D4035-E1DC-4DFC-B67C-91AB1234E29A}"
EndProject
Project("{9A19103F-16F7-4668-BE54-9A1E7A4F7556}") = "Clean.Architecture.WS.Sql", "Clean.Architecture.WS.Sql\Clean.Architecture.WS.Sql.csproj", "{DC3940E0-F7B3-4695-A35F-175BBA94618F}"
EndProject
Project("{9A19103F-16F7-4668-BE54-9A1E7A4F7556}") = "Clean.Architecture.WS.Domain", "Clean.Architecture.WS.Domain\Clean.Architecture.WS.Domain.csproj", "{C9D34EF1-7B12-4746-B032-2B3B2C817E6C}"
EndProject
Global
	GlobalSection(SolutionConfigurationPlatforms) = preSolution
		Debug|Any CPU = Debug|Any CPU
		Release|Any CPU = Release|Any CPU
	EndGlobalSection
	GlobalSection(ProjectConfigurationPlatforms) = postSolution
		{03F1EA8A-D1DC-4DDF-86FC-FA2012DD3402}.Debug|Any CPU.ActiveCfg = Debug|Any CPU
		{03F1EA8A-D1DC-4DDF-86FC-FA2012DD3402}.Debug|Any CPU.Build.0 = Debug|Any CPU
		{03F1EA8A-D1DC-4DDF-86FC-FA2012DD3402}.Release|Any CPU.ActiveCfg = Release|Any CPU
		{03F1EA8A-D1DC-4DDF-86FC-FA2012DD3402}.Release|Any CPU.Build.0 = Release|Any CPU
		{E4FEEABE-CBA0-4204-B584-45696AD259D7}.Debug|Any CPU.ActiveCfg = Debug|Any CPU
		{E4FEEABE-CBA0-4204-B584-45696AD259D7}.Debug|Any CPU.Build.0 = Debug|Any CPU
		{E4FEEABE-CBA0-4204-B584-45696AD259D7}.Release|Any CPU.ActiveCfg = Release|Any CPU
		{E4FEEABE-CBA0-4204-B584-45696AD259D7}.Release|Any CPU.Build.0 = Release|Any CPU
		{DD0D4035-E1DC-4DFC-B67C-91AB1234E29A}.Debug|Any CPU.ActiveCfg = Debug|Any CPU
		{DD0D4035-E1DC-4DFC-B67C-91AB1234E29A}.Debug|Any CPU.Build.0 = Debug|Any CPU
		{DD0D4035-E1DC-4DFC-B67C-91AB1234E29A}.Release|Any CPU.ActiveCfg = Release|Any CPU
		{DD0D4035-E1DC-4DFC-B67C-91AB1234E29A}.Release|Any CPU.Build.0 = Release|Any CPU
		{DC3940E0-F7B3-4695-A35F-175BBA94618F}.Debug|Any CPU.ActiveCfg = Debug|Any CPU
		{DC3940E0-F7B3-4695-A35F-175BBA94618F}.Debug|Any CPU.Build.0 = Debug|Any CPU
		{DC3940E0-F7B3-4695-A35F-175BBA94618F}.Release|Any CPU.ActiveCfg = Release|Any CPU
		{DC3940E0-F7B3-4695-A35F-175BBA94618F}.Release|Any CPU.Build.0 = Release|Any CPU
		{C9D34EF1-7B12-4746-B032-2B3B2C817E6C}.Debug|Any CPU.ActiveCfg = Debug|Any CPU
		{C9D34EF1-7B12-4746-B032-2B3B2C817E6C}.Debug|Any CPU.Build.0 = Debug|Any CPU
		{C9D34EF1-7B12-4746-B032-2B3B2C817E6C}.Release|Any CPU.ActiveCfg = Release|Any CPU
		{C9D34EF1-7B12-4746-B032-2B3B2C817E6C}.Release|Any CPU.Build.0 = Release|Any CPU
	EndGlobalSection
	GlobalSection(SolutionProperties) = preSolution
		HideSolutionNode = FALSE
	EndGlobalSection
	GlobalSection(ExtensibilityGlobals) = postSolution
		SolutionGuid = {E361C120-BCB8-4E25-BBA2-4EACDA6C46D7}
	EndGlobalSection
EndGlobal
